
Microsoft Visual Studio Solution File, Format Version 12.00
# Visual Studio Version 17
VisualStudioVersion = 17.7.34031.279
MinimumVisualStudioVersion = 10.0.40219.1
Project("{FAE04EC0-301F-11D3-BF4B-00C04F79EFBC}") = "frm", "frm.csproj", "{9ED34234-F68A-4999-9CBB-E4B6FEA62143}"
EndProject
Global
	GlobalSection(SolutionConfigurationPlatforms) = preSolution
		Debug|Any CPU = Debug|Any CPU
		Release|Any CPU = Release|Any CPU
	EndGlobalSection
	GlobalSection(ProjectConfigurationPlatforms) = postSolution
		{9ED34234-F68A-4999-9CBB-E4B6FEA62143}.Debug|Any CPU.ActiveCfg = Debug|Any CPU
		{9ED34234-F68A-4999-9CBB-E4B6FEA62143}.Debug|Any CPU.Build.0 = Debug|Any CPU
		{9ED34234-F68A-4999-9CBB-E4B6FEA62143}.Release|Any CPU.ActiveCfg = Release|Any CPU
		{9ED34234-F68A-4999-9CBB-E4B6FEA62143}.Release|Any CPU.Build.0 = Release|Any CPU
	EndGlobalSection
	GlobalSection(SolutionProperties) = preSolution
		HideSolutionNode = FALSE
	EndGlobalSection
	GlobalSection(ExtensibilityGlobals) = postSolution
		SolutionGuid = {753A1DF8-54BF-4609-A059-A949D7A13E95}
	EndGlobalSection
EndGlobal
